
Microsoft Visual Studio Solution File, Format Version 12.00
# Visual Studio 15
VisualStudioVersion = 15.0.28010.2046
MinimumVisualStudioVersion = 10.0.40219.1
Project("{9A19103F-16F7-4668-BE54-9A1E7A4F7556}") = "Algorithms", "src\Algorithms\Algorithms.csproj", "{E51F2A80-7540-4B57-B530-481037B8DC7A}"
EndProject
Project("{FAE04EC0-301F-11D3-BF4B-00C04F79EFBC}") = "SnakeGame", "SnakeGame\SnakeGame.csproj", "{054B9D33-0A7E-42AF-80A3-8B419E2D59EA}"
EndProject
Global
	GlobalSection(SolutionConfigurationPlatforms) = preSolution
		Debug|Any CPU = Debug|Any CPU
		Release|Any CPU = Release|Any CPU
	EndGlobalSection
	GlobalSection(ProjectConfigurationPlatforms) = postSolution
		{E51F2A80-7540-4B57-B530-481037B8DC7A}.Debug|Any CPU.ActiveCfg = Debug|Any CPU
		{E51F2A80-7540-4B57-B530-481037B8DC7A}.Debug|Any CPU.Build.0 = Debug|Any CPU
		{E51F2A80-7540-4B57-B530-481037B8DC7A}.Release|Any CPU.ActiveCfg = Release|Any CPU
		{E51F2A80-7540-4B57-B530-481037B8DC7A}.Release|Any CPU.Build.0 = Release|Any CPU
		{054B9D33-0A7E-42AF-80A3-8B419E2D59EA}.Debug|Any CPU.ActiveCfg = Debug|Any CPU
		{054B9D33-0A7E-42AF-80A3-8B419E2D59EA}.Debug|Any CPU.Build.0 = Debug|Any CPU
		{054B9D33-0A7E-42AF-80A3-8B419E2D59EA}.Release|Any CPU.ActiveCfg = Release|Any CPU
		{054B9D33-0A7E-42AF-80A3-8B419E2D59EA}.Release|Any CPU.Build.0 = Release|Any CPU
	EndGlobalSection
	GlobalSection(SolutionProperties) = preSolution
		HideSolutionNode = FALSE
	EndGlobalSection
	GlobalSection(ExtensibilityGlobals) = postSolution
		SolutionGuid = {9CB48B81-ADB5-4B6E-9242-A5D37AD7B938}
	EndGlobalSection
EndGlobal
